// !$*UTF8*$!
{
	archiveVersion = 1;
	classes = {
	};
	objectVersion = 55;
	objects = {

/* Begin PBXBuildFile section */
		5E31704B287DDFF20028A4AE /* TaskView.swift in Sources */ = {isa = PBXBuildFile; fileRef = 5E31704A287DDFF20028A4AE /* TaskView.swift */; };
		5E73BE3A287DAFB10070E455 /* WatchToDoListApp WatchKit App.app in Embed Watch Content */ = {isa = PBXBuildFile; fileRef = 5E73BE39287DAFB10070E455 /* WatchToDoListApp WatchKit App.app */; settings = {ATTRIBUTES = (RemoveHeadersOnCopy, ); }; };
		5E73BE3F287DAFB40070E455 /* Assets.xcassets in Resources */ = {isa = PBXBuildFile; fileRef = 5E73BE3E287DAFB40070E455 /* Assets.xcassets */; };
		5E73BE45287DAFB40070E455 /* WatchToDoListApp WatchKit Extension.appex in Embed App Extensions */ = {isa = PBXBuildFile; fileRef = 5E73BE44287DAFB40070E455 /* WatchToDoListApp WatchKit Extension.appex */; settings = {ATTRIBUTES = (RemoveHeadersOnCopy, ); }; };
		5E73BE4A287DAFB40070E455 /* ContentView.swift in Sources */ = {isa = PBXBuildFile; fileRef = 5E73BE49287DAFB40070E455 /* ContentView.swift */; };
		5E73BE4C287DAFB40070E455 /* WatchToDoListAppApp.swift in Sources */ = {isa = PBXBuildFile; fileRef = 5E73BE4B287DAFB40070E455 /* WatchToDoListAppApp.swift */; };
		5E73BE4E287DAFB40070E455 /* ComplicationController.swift in Sources */ = {isa = PBXBuildFile; fileRef = 5E73BE4D287DAFB40070E455 /* ComplicationController.swift */; };
		5E73BE50287DAFB50070E455 /* Assets.xcassets in Resources */ = {isa = PBXBuildFile; fileRef = 5E73BE4F287DAFB50070E455 /* Assets.xcassets */; };
		5E73BE53287DAFB50070E455 /* Preview Assets.xcassets in Resources */ = {isa = PBXBuildFile; fileRef = 5E73BE52287DAFB50070E455 /* Preview Assets.xcassets */; };
		5E73BE63287DB0670070E455 /* Task.swift in Sources */ = {isa = PBXBuildFile; fileRef = 5E73BE62287DB0670070E455 /* Task.swift */; };
/* End PBXBuildFile section */

/* Begin PBXContainerItemProxy section */
		5E73BE3B287DAFB10070E455 /* PBXContainerItemProxy */ = {
			isa = PBXContainerItemProxy;
			containerPortal = 5E73BE2F287DAFB10070E455 /* Project object */;
			proxyType = 1;
			remoteGlobalIDString = 5E73BE38287DAFB10070E455;
			remoteInfo = "WatchToDoListApp WatchKit App";
		};
		5E73BE46287DAFB40070E455 /* PBXContainerItemProxy */ = {
			isa = PBXContainerItemProxy;
			containerPortal = 5E73BE2F287DAFB10070E455 /* Project object */;
			proxyType = 1;
			remoteGlobalIDString = 5E73BE43287DAFB40070E455;
			remoteInfo = "WatchToDoListApp WatchKit Extension";
		};
/* End PBXContainerItemProxy section */

/* Begin PBXCopyFilesBuildPhase section */
		5E73BE5A287DAFB50070E455 /* Embed App Extensions */ = {
			isa = PBXCopyFilesBuildPhase;
			buildActionMask = 2147483647;
			dstPath = "";
			dstSubfolderSpec = 13;
			files = (
				5E73BE45287DAFB40070E455 /* WatchToDoListApp WatchKit Extension.appex in Embed App Extensions */,
			);
			name = "Embed App Extensions";
			runOnlyForDeploymentPostprocessing = 0;
		};
		5E73BE5E287DAFB50070E455 /* Embed Watch Content */ = {
			isa = PBXCopyFilesBuildPhase;
			buildActionMask = 2147483647;
			dstPath = "$(CONTENTS_FOLDER_PATH)/Watch";
			dstSubfolderSpec = 16;
			files = (
				5E73BE3A287DAFB10070E455 /* WatchToDoListApp WatchKit App.app in Embed Watch Content */,
			);
			name = "Embed Watch Content";
			runOnlyForDeploymentPostprocessing = 0;
		};
/* End PBXCopyFilesBuildPhase section */

/* Begin PBXFileReference section */
		5E31704A287DDFF20028A4AE /* TaskView.swift */ = {isa = PBXFileReference; lastKnownFileType = sourcecode.swift; path = TaskView.swift; sourceTree = "<group>"; };
		5E73BE35287DAFB10070E455 /* WatchToDoListApp.app */ = {isa = PBXFileReference; explicitFileType = wrapper.application; includeInIndex = 0; path = WatchToDoListApp.app; sourceTree = BUILT_PRODUCTS_DIR; };
		5E73BE39287DAFB10070E455 /* WatchToDoListApp WatchKit App.app */ = {isa = PBXFileReference; explicitFileType = wrapper.application; includeInIndex = 0; path = "WatchToDoListApp WatchKit App.app"; sourceTree = BUILT_PRODUCTS_DIR; };
		5E73BE3E287DAFB40070E455 /* Assets.xcassets */ = {isa = PBXFileReference; lastKnownFileType = folder.assetcatalog; path = Assets.xcassets; sourceTree = "<group>"; };
		5E73BE44287DAFB40070E455 /* WatchToDoListApp WatchKit Extension.appex */ = {isa = PBXFileReference; explicitFileType = "wrapper.app-extension"; includeInIndex = 0; path = "WatchToDoListApp WatchKit Extension.appex"; sourceTree = BUILT_PRODUCTS_DIR; };
		5E73BE49287DAFB40070E455 /* ContentView.swift */ = {isa = PBXFileReference; lastKnownFileType = sourcecode.swift; path = ContentView.swift; sourceTree = "<group>"; };
		5E73BE4B287DAFB40070E455 /* WatchToDoListAppApp.swift */ = {isa = PBXFileReference; lastKnownFileType = sourcecode.swift; path = WatchToDoListAppApp.swift; sourceTree = "<group>"; };
		5E73BE4D287DAFB40070E455 /* ComplicationController.swift */ = {isa = PBXFileReference; lastKnownFileType = sourcecode.swift; path = ComplicationController.swift; sourceTree = "<group>"; };
		5E73BE4F287DAFB50070E455 /* Assets.xcassets */ = {isa = PBXFileReference; lastKnownFileType = folder.assetcatalog; path = Assets.xcassets; sourceTree = "<group>"; };
		5E73BE52287DAFB50070E455 /* Preview Assets.xcassets */ = {isa = PBXFileReference; lastKnownFileType = folder.assetcatalog; path = "Preview Assets.xcassets"; sourceTree = "<group>"; };
		5E73BE54287DAFB50070E455 /* Info.plist */ = {isa = PBXFileReference; lastKnownFileType = text.plist.xml; path = Info.plist; sourceTree = "<group>"; };
		5E73BE62287DB0670070E455 /* Task.swift */ = {isa = PBXFileReference; lastKnownFileType = sourcecode.swift; path = Task.swift; sourceTree = "<group>"; };
/* End PBXFileReference section */

/* Begin PBXFrameworksBuildPhase section */
		5E73BE41287DAFB40070E455 /* Frameworks */ = {
			isa = PBXFrameworksBuildPhase;
			buildActionMask = 2147483647;
			files = (
			);
			runOnlyForDeploymentPostprocessing = 0;
		};
/* End PBXFrameworksBuildPhase section */

/* Begin PBXGroup section */
		5E73BE2E287DAFB10070E455 = {
			isa = PBXGroup;
			children = (
				5E73BE3D287DAFB10070E455 /* WatchToDoListApp WatchKit App */,
				5E73BE48287DAFB40070E455 /* WatchToDoListApp WatchKit Extension */,
				5E73BE36287DAFB10070E455 /* Products */,
			);
			sourceTree = "<group>";
		};
		5E73BE36287DAFB10070E455 /* Products */ = {
			isa = PBXGroup;
			children = (
				5E73BE35287DAFB10070E455 /* WatchToDoListApp.app */,
				5E73BE39287DAFB10070E455 /* WatchToDoListApp WatchKit App.app */,
				5E73BE44287DAFB40070E455 /* WatchToDoListApp WatchKit Extension.appex */,
			);
			name = Products;
			sourceTree = "<group>";
		};
		5E73BE3D287DAFB10070E455 /* WatchToDoListApp WatchKit App */ = {
			isa = PBXGroup;
			children = (
				5E73BE3E287DAFB40070E455 /* Assets.xcassets */,
			);
			path = "WatchToDoListApp WatchKit App";
			sourceTree = "<group>";
		};
		5E73BE48287DAFB40070E455 /* WatchToDoListApp WatchKit Extension */ = {
			isa = PBXGroup;
			children = (
				5E73BE49287DAFB40070E455 /* ContentView.swift */,
				5E73BE4B287DAFB40070E455 /* WatchToDoListAppApp.swift */,
				5E73BE4D287DAFB40070E455 /* ComplicationController.swift */,
				5E73BE4F287DAFB50070E455 /* Assets.xcassets */,
				5E73BE54287DAFB50070E455 /* Info.plist */,
				5E73BE51287DAFB50070E455 /* Preview Content */,
				5E73BE62287DB0670070E455 /* Task.swift */,
				5E31704A287DDFF20028A4AE /* TaskView.swift */,
			);
			path = "WatchToDoListApp WatchKit Extension";
			sourceTree = "<group>";
		};
		5E73BE51287DAFB50070E455 /* Preview Content */ = {
			isa = PBXGroup;
			children = (
				5E73BE52287DAFB50070E455 /* Preview Assets.xcassets */,
			);
			path = "Preview Content";
			sourceTree = "<group>";
		};
/* End PBXGroup section */

/* Begin PBXNativeTarget section */
		5E73BE34287DAFB10070E455 /* WatchToDoListApp */ = {
			isa = PBXNativeTarget;
			buildConfigurationList = 5E73BE5F287DAFB50070E455 /* Build configuration list for PBXNativeTarget "WatchToDoListApp" */;
			buildPhases = (
				5E73BE33287DAFB10070E455 /* Resources */,
				5E73BE5E287DAFB50070E455 /* Embed Watch Content */,
			);
			buildRules = (
			);
			dependencies = (
				5E73BE3C287DAFB10070E455 /* PBXTargetDependency */,
			);
			name = WatchToDoListApp;
			productName = WatchToDoListApp;
			productReference = 5E73BE35287DAFB10070E455 /* WatchToDoListApp.app */;
			productType = "com.apple.product-type.application.watchapp2-container";
		};
		5E73BE38287DAFB10070E455 /* WatchToDoListApp WatchKit App */ = {
			isa = PBXNativeTarget;
			buildConfigurationList = 5E73BE5B287DAFB50070E455 /* Build configuration list for PBXNativeTarget "WatchToDoListApp WatchKit App" */;
			buildPhases = (
				5E73BE37287DAFB10070E455 /* Resources */,
				5E73BE5A287DAFB50070E455 /* Embed App Extensions */,
			);
			buildRules = (
			);
			dependencies = (
				5E73BE47287DAFB40070E455 /* PBXTargetDependency */,
			);
			name = "WatchToDoListApp WatchKit App";
			productName = "WatchToDoListApp WatchKit App";
			productReference = 5E73BE39287DAFB10070E455 /* WatchToDoListApp WatchKit App.app */;
			productType = "com.apple.product-type.application.watchapp2";
		};
		5E73BE43287DAFB40070E455 /* WatchToDoListApp WatchKit Extension */ = {
			isa = PBXNativeTarget;
			buildConfigurationList = 5E73BE57287DAFB50070E455 /* Build configuration list for PBXNativeTarget "WatchToDoListApp WatchKit Extension" */;
			buildPhases = (
				5E73BE40287DAFB40070E455 /* Sources */,
				5E73BE41287DAFB40070E455 /* Frameworks */,
				5E73BE42287DAFB40070E455 /* Resources */,
			);
			buildRules = (
			);
			dependencies = (
			);
			name = "WatchToDoListApp WatchKit Extension";
			productName = "WatchToDoListApp WatchKit Extension";
			productReference = 5E73BE44287DAFB40070E455 /* WatchToDoListApp WatchKit Extension.appex */;
			productType = "com.apple.product-type.watchkit2-extension";
		};
/* End PBXNativeTarget section */

/* Begin PBXProject section */
		5E73BE2F287DAFB10070E455 /* Project object */ = {
			isa = PBXProject;
			attributes = {
				BuildIndependentTargetsInParallel = 1;
				LastSwiftUpdateCheck = 1330;
				LastUpgradeCheck = 1330;
				TargetAttributes = {
					5E73BE34287DAFB10070E455 = {
						CreatedOnToolsVersion = 13.3.1;
					};
					5E73BE38287DAFB10070E455 = {
						CreatedOnToolsVersion = 13.3.1;
					};
					5E73BE43287DAFB40070E455 = {
						CreatedOnToolsVersion = 13.3.1;
					};
				};
			};
			buildConfigurationList = 5E73BE32287DAFB10070E455 /* Build configuration list for PBXProject "WatchToDoListApp" */;
			compatibilityVersion = "Xcode 13.0";
			developmentRegion = en;
			hasScannedForEncodings = 0;
			knownRegions = (
				en,
				Base,
			);
			mainGroup = 5E73BE2E287DAFB10070E455;
			productRefGroup = 5E73BE36287DAFB10070E455 /* Products */;
			projectDirPath = "";
			projectRoot = "";
			targets = (
				5E73BE34287DAFB10070E455 /* WatchToDoListApp */,
				5E73BE38287DAFB10070E455 /* WatchToDoListApp WatchKit App */,
				5E73BE43287DAFB40070E455 /* WatchToDoListApp WatchKit Extension */,
			);
		};
/* End PBXProject section */

/* Begin PBXResourcesBuildPhase section */
		5E73BE33287DAFB10070E455 /* Resources */ = {
			isa = PBXResourcesBuildPhase;
			buildActionMask = 2147483647;
			files = (
			);
			runOnlyForDeploymentPostprocessing = 0;
		};
		5E73BE37287DAFB10070E455 /* Resources */ = {
			isa = PBXResourcesBuildPhase;
			buildActionMask = 2147483647;
			files = (
				5E73BE3F287DAFB40070E455 /* Assets.xcassets in Resources */,
			);
			runOnlyForDeploymentPostprocessing = 0;
		};
		5E73BE42287DAFB40070E455 /* Resources */ = {
			isa = PBXResourcesBuildPhase;
			buildActionMask = 2147483647;
			files = (
				5E73BE53287DAFB50070E455 /* Preview Assets.xcassets in Resources */,
				5E73BE50287DAFB50070E455 /* Assets.xcassets in Resources */,
			);
			runOnlyForDeploymentPostprocessing = 0;
		};
/* End PBXResourcesBuildPhase section */

/* Begin PBXSourcesBuildPhase section */
		5E73BE40287DAFB40070E455 /* Sources */ = {
			isa = PBXSourcesBuildPhase;
			buildActionMask = 2147483647;
			files = (
				5E73BE63287DB0670070E455 /* Task.swift in Sources */,
				5E73BE4A287DAFB40070E455 /* ContentView.swift in Sources */,
				5E73BE4C287DAFB40070E455 /* WatchToDoListAppApp.swift in Sources */,
				5E31704B287DDFF20028A4AE /* TaskView.swift in Sources */,
				5E73BE4E287DAFB40070E455 /* ComplicationController.swift in Sources */,
			);
			runOnlyForDeploymentPostprocessing = 0;
		};
/* End PBXSourcesBuildPhase section */

/* Begin PBXTargetDependency section */
		5E73BE3C287DAFB10070E455 /* PBXTargetDependency */ = {
			isa = PBXTargetDependency;
			target = 5E73BE38287DAFB10070E455 /* WatchToDoListApp WatchKit App */;
			targetProxy = 5E73BE3B287DAFB10070E455 /* PBXContainerItemProxy */;
		};
		5E73BE47287DAFB40070E455 /* PBXTargetDependency */ = {
			isa = PBXTargetDependency;
			target = 5E73BE43287DAFB40070E455 /* WatchToDoListApp WatchKit Extension */;
			targetProxy = 5E73BE46287DAFB40070E455 /* PBXContainerItemProxy */;
		};
/* End PBXTargetDependency section */

/* Begin XCBuildConfiguration section */
		5E73BE55287DAFB50070E455 /* Debug */ = {
			isa = XCBuildConfiguration;
			buildSettings = {
				ALWAYS_SEARCH_USER_PATHS = NO;
				CLANG_ANALYZER_NONNULL = YES;
				CLANG_ANALYZER_NUMBER_OBJECT_CONVERSION = YES_AGGRESSIVE;
				CLANG_CXX_LANGUAGE_STANDARD = "gnu++17";
				CLANG_ENABLE_MODULES = YES;
				CLANG_ENABLE_OBJC_ARC = YES;
				CLANG_ENABLE_OBJC_WEAK = YES;
				CLANG_WARN_BLOCK_CAPTURE_AUTORELEASING = YES;
				CLANG_WARN_BOOL_CONVERSION = YES;
				CLANG_WARN_COMMA = YES;
				CLANG_WARN_CONSTANT_CONVERSION = YES;
				CLANG_WARN_DEPRECATED_OBJC_IMPLEMENTATIONS = YES;
				CLANG_WARN_DIRECT_OBJC_ISA_USAGE = YES_ERROR;
				CLANG_WARN_DOCUMENTATION_COMMENTS = YES;
				CLANG_WARN_EMPTY_BODY = YES;
				CLANG_WARN_ENUM_CONVERSION = YES;
				CLANG_WARN_INFINITE_RECURSION = YES;
				CLANG_WARN_INT_CONVERSION = YES;
				CLANG_WARN_NON_LITERAL_NULL_CONVERSION = YES;
				CLANG_WARN_OBJC_IMPLICIT_RETAIN_SELF = YES;
				CLANG_WARN_OBJC_LITERAL_CONVERSION = YES;
				CLANG_WARN_OBJC_ROOT_CLASS = YES_ERROR;
				CLANG_WARN_QUOTED_INCLUDE_IN_FRAMEWORK_HEADER = YES;
				CLANG_WARN_RANGE_LOOP_ANALYSIS = YES;
				CLANG_WARN_STRICT_PROTOTYPES = YES;
				CLANG_WARN_SUSPICIOUS_MOVE = YES;
				CLANG_WARN_UNGUARDED_AVAILABILITY = YES_AGGRESSIVE;
				CLANG_WARN_UNREACHABLE_CODE = YES;
				CLANG_WARN__DUPLICATE_METHOD_MATCH = YES;
				COPY_PHASE_STRIP = NO;
				DEBUG_INFORMATION_FORMAT = dwarf;
				ENABLE_STRICT_OBJC_MSGSEND = YES;
				ENABLE_TESTABILITY = YES;
				GCC_C_LANGUAGE_STANDARD = gnu11;
				GCC_DYNAMIC_NO_PIC = NO;
				GCC_NO_COMMON_BLOCKS = YES;
				GCC_OPTIMIZATION_LEVEL = 0;
				GCC_PREPROCESSOR_DEFINITIONS = (
					"DEBUG=1",
					"$(inherited)",
				);
				GCC_WARN_64_TO_32_BIT_CONVERSION = YES;
				GCC_WARN_ABOUT_RETURN_TYPE = YES_ERROR;
				GCC_WARN_UNDECLARED_SELECTOR = YES;
				GCC_WARN_UNINITIALIZED_AUTOS = YES_AGGRESSIVE;
				GCC_WARN_UNUSED_FUNCTION = YES;
				GCC_WARN_UNUSED_VARIABLE = YES;
				MTL_ENABLE_DEBUG_INFO = INCLUDE_SOURCE;
				MTL_FAST_MATH = YES;
				ONLY_ACTIVE_ARCH = YES;
				SDKROOT = iphoneos;
				SWIFT_ACTIVE_COMPILATION_CONDITIONS = DEBUG;
				SWIFT_OPTIMIZATION_LEVEL = "-Onone";
			};
			name = Debug;
		};
		5E73BE56287DAFB50070E455 /* Release */ = {
			isa = XCBuildConfiguration;
			buildSettings = {
				ALWAYS_SEARCH_USER_PATHS = NO;
				CLANG_ANALYZER_NONNULL = YES;
				CLANG_ANALYZER_NUMBER_OBJECT_CONVERSION = YES_AGGRESSIVE;
				CLANG_CXX_LANGUAGE_STANDARD = "gnu++17";
				CLANG_ENABLE_MODULES = YES;
				CLANG_ENABLE_OBJC_ARC = YES;
				CLANG_ENABLE_OBJC_WEAK = YES;
				CLANG_WARN_BLOCK_CAPTURE_AUTORELEASING = YES;
				CLANG_WARN_BOOL_CONVERSION = YES;
				CLANG_WARN_COMMA = YES;
				CLANG_WARN_CONSTANT_CONVERSION = YES;
				CLANG_WARN_DEPRECATED_OBJC_IMPLEMENTATIONS = YES;
				CLANG_WARN_DIRECT_OBJC_ISA_USAGE = YES_ERROR;
				CLANG_WARN_DOCUMENTATION_COMMENTS = YES;
				CLANG_WARN_EMPTY_BODY = YES;
				CLANG_WARN_ENUM_CONVERSION = YES;
				CLANG_WARN_INFINITE_RECURSION = YES;
				CLANG_WARN_INT_CONVERSION = YES;
				CLANG_WARN_NON_LITERAL_NULL_CONVERSION = YES;
				CLANG_WARN_OBJC_IMPLICIT_RETAIN_SELF = YES;
				CLANG_WARN_OBJC_LITERAL_CONVERSION = YES;
				CLANG_WARN_OBJC_ROOT_CLASS = YES_ERROR;
				CLANG_WARN_QUOTED_INCLUDE_IN_FRAMEWORK_HEADER = YES;
				CLANG_WARN_RANGE_LOOP_ANALYSIS = YES;
				CLANG_WARN_STRICT_PROTOTYPES = YES;
				CLANG_WARN_SUSPICIOUS_MOVE = YES;
				CLANG_WARN_UNGUARDED_AVAILABILITY = YES_AGGRESSIVE;
				CLANG_WARN_UNREACHABLE_CODE = YES;
				CLANG_WARN__DUPLICATE_METHOD_MATCH = YES;
				COPY_PHASE_STRIP = NO;
				DEBUG_INFORMATION_FORMAT = "dwarf-with-dsym";
				ENABLE_NS_ASSERTIONS = NO;
				ENABLE_STRICT_OBJC_MSGSEND = YES;
				GCC_C_LANGUAGE_STANDARD = gnu11;
				GCC_NO_COMMON_BLOCKS = YES;
				GCC_WARN_64_TO_32_BIT_CONVERSION = YES;
				GCC_WARN_ABOUT_RETURN_TYPE = YES_ERROR;
				GCC_WARN_UNDECLARED_SELECTOR = YES;
				GCC_WARN_UNINITIALIZED_AUTOS = YES_AGGRESSIVE;
				GCC_WARN_UNUSED_FUNCTION = YES;
				GCC_WARN_UNUSED_VARIABLE = YES;
				MTL_ENABLE_DEBUG_INFO = NO;
				MTL_FAST_MATH = YES;
				SDKROOT = iphoneos;
				SWIFT_COMPILATION_MODE = wholemodule;
				SWIFT_OPTIMIZATION_LEVEL = "-O";
				VALIDATE_PRODUCT = YES;
			};
			name = Release;
		};
		5E73BE58287DAFB50070E455 /* Debug */ = {
			isa = XCBuildConfiguration;
			buildSettings = {
				ASSETCATALOG_COMPILER_COMPLICATION_NAME = Complication;
				CODE_SIGN_STYLE = Automatic;
				CURRENT_PROJECT_VERSION = 1;
				DEVELOPMENT_ASSET_PATHS = "\"WatchToDoListApp WatchKit Extension/Preview Content\"";
				DEVELOPMENT_TEAM = L8W86DZDY2;
				ENABLE_PREVIEWS = YES;
				GENERATE_INFOPLIST_FILE = YES;
				INFOPLIST_FILE = "WatchToDoListApp WatchKit Extension/Info.plist";
				INFOPLIST_KEY_CFBundleDisplayName = "WatchToDoListApp WatchKit Extension";
				INFOPLIST_KEY_CLKComplicationPrincipalClass = "$(PRODUCT_MODULE_NAME).ComplicationController";
				INFOPLIST_KEY_NSHumanReadableCopyright = "";
				INFOPLIST_KEY_WKWatchOnly = YES;
				LD_RUNPATH_SEARCH_PATHS = (
					"$(inherited)",
					"@executable_path/Frameworks",
					"@executable_path/../../Frameworks",
				);
				MARKETING_VERSION = 1.0;
				PRODUCT_BUNDLE_IDENTIFIER = com.ri.WatchToDoListApp.watchkitapp.watchkitextension;
				PRODUCT_NAME = "${TARGET_NAME}";
				SDKROOT = watchos;
				SKIP_INSTALL = YES;
				SWIFT_EMIT_LOC_STRINGS = YES;
				SWIFT_VERSION = 5.0;
				TARGETED_DEVICE_FAMILY = 4;
				WATCHOS_DEPLOYMENT_TARGET = 8.5;
			};
			name = Debug;
		};
		5E73BE59287DAFB50070E455 /* Release */ = {
			isa = XCBuildConfiguration;
			buildSettings = {
				ASSETCATALOG_COMPILER_COMPLICATION_NAME = Complication;
				CODE_SIGN_STYLE = Automatic;
				CURRENT_PROJECT_VERSION = 1;
				DEVELOPMENT_ASSET_PATHS = "\"WatchToDoListApp WatchKit Extension/Preview Content\"";
				DEVELOPMENT_TEAM = L8W86DZDY2;
				ENABLE_PREVIEWS = YES;
				GENERATE_INFOPLIST_FILE = YES;
				INFOPLIST_FILE = "WatchToDoListApp WatchKit Extension/Info.plist";
				INFOPLIST_KEY_CFBundleDisplayName = "WatchToDoListApp WatchKit Extension";
				INFOPLIST_KEY_CLKComplicationPrincipalClass = "$(PRODUCT_MODULE_NAME).ComplicationController";
				INFOPLIST_KEY_NSHumanReadableCopyright = "";
				INFOPLIST_KEY_WKWatchOnly = YES;
				LD_RUNPATH_SEARCH_PATHS = (
					"$(inherited)",
					"@executable_path/Frameworks",
					"@executable_path/../../Frameworks",
				);
				MARKETING_VERSION = 1.0;
				PRODUCT_BUNDLE_IDENTIFIER = com.ri.WatchToDoListApp.watchkitapp.watchkitextension;
				PRODUCT_NAME = "${TARGET_NAME}";
				SDKROOT = watchos;
				SKIP_INSTALL = YES;
				SWIFT_EMIT_LOC_STRINGS = YES;
				SWIFT_VERSION = 5.0;
				TARGETED_DEVICE_FAMILY = 4;
				WATCHOS_DEPLOYMENT_TARGET = 8.5;
			};
			name = Release;
		};
		5E73BE5C287DAFB50070E455 /* Debug */ = {
			isa = XCBuildConfiguration;
			buildSettings = {
				ALWAYS_EMBED_SWIFT_STANDARD_LIBRARIES = YES;
				ASSETCATALOG_COMPILER_APPICON_NAME = AppIcon;
				ASSETCATALOG_COMPILER_GLOBAL_ACCENT_COLOR_NAME = AccentColor;
				CODE_SIGN_STYLE = Automatic;
				CURRENT_PROJECT_VERSION = 1;
				DEVELOPMENT_TEAM = L8W86DZDY2;
				GENERATE_INFOPLIST_FILE = YES;
				IBSC_MODULE = WatchToDoListApp_WatchKit_Extension;
				INFOPLIST_KEY_CFBundleDisplayName = "WatchToDoListApp WatchKit App";
				INFOPLIST_KEY_UISupportedInterfaceOrientations = "UIInterfaceOrientationPortrait UIInterfaceOrientationPortraitUpsideDown";
				MARKETING_VERSION = 1.0;
				PRODUCT_BUNDLE_IDENTIFIER = com.ri.WatchToDoListApp.watchkitapp;
				PRODUCT_NAME = "$(TARGET_NAME)";
				SDKROOT = watchos;
				SKIP_INSTALL = YES;
				SWIFT_EMIT_LOC_STRINGS = YES;
				SWIFT_VERSION = 5.0;
				TARGETED_DEVICE_FAMILY = 4;
				WATCHOS_DEPLOYMENT_TARGET = 8.5;
			};
			name = Debug;
		};
		5E73BE5D287DAFB50070E455 /* Release */ = {
			isa = XCBuildConfiguration;
			buildSettings = {
				ALWAYS_EMBED_SWIFT_STANDARD_LIBRARIES = YES;
				ASSETCATALOG_COMPILER_APPICON_NAME = AppIcon;
				ASSETCATALOG_COMPILER_GLOBAL_ACCENT_COLOR_NAME = AccentColor;
				CODE_SIGN_STYLE = Automatic;
				CURRENT_PROJECT_VERSION = 1;
				DEVELOPMENT_TEAM = L8W86DZDY2;
				GENERATE_INFOPLIST_FILE = YES;
				IBSC_MODULE = WatchToDoListApp_WatchKit_Extension;
				INFOPLIST_KEY_CFBundleDisplayName = "WatchToDoListApp WatchKit App";
				INFOPLIST_KEY_UISupportedInterfaceOrientations = "UIInterfaceOrientationPortrait UIInterfaceOrientationPortraitUpsideDown";
				MARKETING_VERSION = 1.0;
				PRODUCT_BUNDLE_IDENTIFIER = com.ri.WatchToDoListApp.watchkitapp;
				PRODUCT_NAME = "$(TARGET_NAME)";
				SDKROOT = watchos;
				SKIP_INSTALL = YES;
				SWIFT_EMIT_LOC_STRINGS = YES;
				SWIFT_VERSION = 5.0;
				TARGETED_DEVICE_FAMILY = 4;
				WATCHOS_DEPLOYMENT_TARGET = 8.5;
			};
			name = Release;
		};
		5E73BE60287DAFB50070E455 /* Debug */ = {
			isa = XCBuildConfiguration;
			buildSettings = {
				CODE_SIGN_STYLE = Automatic;
				CURRENT_PROJECT_VERSION = 1;
				DEVELOPMENT_TEAM = L8W86DZDY2;
				MARKETING_VERSION = 1.0;
				PRODUCT_BUNDLE_IDENTIFIER = com.ri.WatchToDoListApp;
				PRODUCT_NAME = "$(TARGET_NAME)";
				SWIFT_VERSION = 5.0;
			};
			name = Debug;
		};
		5E73BE61287DAFB50070E455 /* Release */ = {
			isa = XCBuildConfiguration;
			buildSettings = {
				CODE_SIGN_STYLE = Automatic;
				CURRENT_PROJECT_VERSION = 1;
				DEVELOPMENT_TEAM = L8W86DZDY2;
				MARKETING_VERSION = 1.0;
				PRODUCT_BUNDLE_IDENTIFIER = com.ri.WatchToDoListApp;
				PRODUCT_NAME = "$(TARGET_NAME)";
				SWIFT_VERSION = 5.0;
			};
			name = Release;
		};
/* End XCBuildConfiguration section */

/* Begin XCConfigurationList section */
		5E73BE32287DAFB10070E455 /* Build configuration list for PBXProject "WatchToDoListApp" */ = {
			isa = XCConfigurationList;
			buildConfigurations = (
				5E73BE55287DAFB50070E455 /* Debug */,
				5E73BE56287DAFB50070E455 /* Release */,
			);
			defaultConfigurationIsVisible = 0;
			defaultConfigurationName = Release;
		};
		5E73BE57287DAFB50070E455 /* Build configuration list for PBXNativeTarget "WatchToDoListApp WatchKit Extension" */ = {
			isa = XCConfigurationList;
			buildConfigurations = (
				5E73BE58287DAFB50070E455 /* Debug */,
				5E73BE59287DAFB50070E455 /* Release */,
			);
			defaultConfigurationIsVisible = 0;
			defaultConfigurationName = Release;
		};
		5E73BE5B287DAFB50070E455 /* Build configuration list for PBXNativeTarget "WatchToDoListApp WatchKit App" */ = {
			isa = XCConfigurationList;
			buildConfigurations = (
				5E73BE5C287DAFB50070E455 /* Debug */,
				5E73BE5D287DAFB50070E455 /* Release */,
			);
			defaultConfigurationIsVisible = 0;
			defaultConfigurationName = Release;
		};
		5E73BE5F287DAFB50070E455 /* Build configuration list for PBXNativeTarget "WatchToDoListApp" */ = {
			isa = XCConfigurationList;
			buildConfigurations = (
				5E73BE60287DAFB50070E455 /* Debug */,
				5E73BE61287DAFB50070E455 /* Release */,
			);
			defaultConfigurationIsVisible = 0;
			defaultConfigurationName = Release;
		};
/* End XCConfigurationList section */
	};
	rootObject = 5E73BE2F287DAFB10070E455 /* Project object */;
}
